
Microsoft Visual Studio Solution File, Format Version 11.00
# Visual C# Express 2010
Project("{FAE04EC0-301F-11D3-BF4B-00C04F79EFBC}") = "somdegaragemHOME", "somdegaragemHOME\somdegaragemHOME.csproj", "{87AFEBA5-D516-4141-96D4-87BDD89C0F07}"
EndProject
Global
	GlobalSection(SolutionConfigurationPlatforms) = preSolution
		Debug|x86 = Debug|x86
		Release|x86 = Release|x86
	EndGlobalSection
	GlobalSection(ProjectConfigurationPlatforms) = postSolution
		{87AFEBA5-D516-4141-96D4-87BDD89C0F07}.Debug|x86.ActiveCfg = Debug|x86
		{87AFEBA5-D516-4141-96D4-87BDD89C0F07}.Debug|x86.Build.0 = Debug|x86
		{87AFEBA5-D516-4141-96D4-87BDD89C0F07}.Release|x86.ActiveCfg = Release|x86
		{87AFEBA5-D516-4141-96D4-87BDD89C0F07}.Release|x86.Build.0 = Release|x86
	EndGlobalSection
	GlobalSection(SolutionProperties) = preSolution
		HideSolutionNode = FALSE
	EndGlobalSection
EndGlobal
