
Microsoft Visual Studio Solution File, Format Version 11.00
# Visual C# Express 2010
Project("{FAE04EC0-301F-11D3-BF4B-00C04F79EFBC}") = "aluno-insert", "insert-csharp\aluno-insert.csproj", "{25D86AD5-E12E-4429-9079-967D96550349}"
EndProject
Project("{FAE04EC0-301F-11D3-BF4B-00C04F79EFBC}") = "Classes", "Classes\Classes.csproj", "{40239F5B-2A02-4B50-B8AC-D37797A7BCAB}"
EndProject
Global
	GlobalSection(SolutionConfigurationPlatforms) = preSolution
		Debug|Any CPU = Debug|Any CPU
		Debug|Mixed Platforms = Debug|Mixed Platforms
		Debug|x86 = Debug|x86
		Release|Any CPU = Release|Any CPU
		Release|Mixed Platforms = Release|Mixed Platforms
		Release|x86 = Release|x86
	EndGlobalSection
	GlobalSection(ProjectConfigurationPlatforms) = postSolution
		{25D86AD5-E12E-4429-9079-967D96550349}.Debug|Any CPU.ActiveCfg = Debug|x86
		{25D86AD5-E12E-4429-9079-967D96550349}.Debug|Mixed Platforms.ActiveCfg = Debug|x86
		{25D86AD5-E12E-4429-9079-967D96550349}.Debug|Mixed Platforms.Build.0 = Debug|x86
		{25D86AD5-E12E-4429-9079-967D96550349}.Debug|x86.ActiveCfg = Debug|x86
		{25D86AD5-E12E-4429-9079-967D96550349}.Debug|x86.Build.0 = Debug|x86
		{25D86AD5-E12E-4429-9079-967D96550349}.Release|Any CPU.ActiveCfg = Release|x86
		{25D86AD5-E12E-4429-9079-967D96550349}.Release|Mixed Platforms.ActiveCfg = Release|x86
		{25D86AD5-E12E-4429-9079-967D96550349}.Release|Mixed Platforms.Build.0 = Release|x86
		{25D86AD5-E12E-4429-9079-967D96550349}.Release|x86.ActiveCfg = Release|x86
		{25D86AD5-E12E-4429-9079-967D96550349}.Release|x86.Build.0 = Release|x86
		{40239F5B-2A02-4B50-B8AC-D37797A7BCAB}.Debug|Any CPU.ActiveCfg = Debug|Any CPU
		{40239F5B-2A02-4B50-B8AC-D37797A7BCAB}.Debug|Any CPU.Build.0 = Debug|Any CPU
		{40239F5B-2A02-4B50-B8AC-D37797A7BCAB}.Debug|Mixed Platforms.ActiveCfg = Debug|Any CPU
		{40239F5B-2A02-4B50-B8AC-D37797A7BCAB}.Debug|Mixed Platforms.Build.0 = Debug|Any CPU
		{40239F5B-2A02-4B50-B8AC-D37797A7BCAB}.Debug|x86.ActiveCfg = Debug|Any CPU
		{40239F5B-2A02-4B50-B8AC-D37797A7BCAB}.Release|Any CPU.ActiveCfg = Release|Any CPU
		{40239F5B-2A02-4B50-B8AC-D37797A7BCAB}.Release|Any CPU.Build.0 = Release|Any CPU
		{40239F5B-2A02-4B50-B8AC-D37797A7BCAB}.Release|Mixed Platforms.ActiveCfg = Release|Any CPU
		{40239F5B-2A02-4B50-B8AC-D37797A7BCAB}.Release|Mixed Platforms.Build.0 = Release|Any CPU
		{40239F5B-2A02-4B50-B8AC-D37797A7BCAB}.Release|x86.ActiveCfg = Release|Any CPU
	EndGlobalSection
	GlobalSection(SolutionProperties) = preSolution
		HideSolutionNode = FALSE
	EndGlobalSection
EndGlobal
